
Microsoft Visual Studio Solution File, Format Version 9.00
# Visual Studio 2005
Project("{8BC9CEB8-8B4A-11D0-8D11-00A0C91BC942}") = "Animal", "Animal\Animal.vcproj", "{E3E17485-5770-413C-852B-CE4A15962EEA}"
EndProject
Global
	GlobalSection(SolutionConfigurationPlatforms) = preSolution
		Debug|Win32 = Debug|Win32
		Release|Win32 = Release|Win32
	EndGlobalSection
	GlobalSection(ProjectConfigurationPlatforms) = postSolution
		{E3E17485-5770-413C-852B-CE4A15962EEA}.Debug|Win32.ActiveCfg = Debug|Win32
		{E3E17485-5770-413C-852B-CE4A15962EEA}.Debug|Win32.Build.0 = Debug|Win32
		{E3E17485-5770-413C-852B-CE4A15962EEA}.Release|Win32.ActiveCfg = Release|Win32
		{E3E17485-5770-413C-852B-CE4A15962EEA}.Release|Win32.Build.0 = Release|Win32
	EndGlobalSection
	GlobalSection(SolutionProperties) = preSolution
		HideSolutionNode = FALSE
	EndGlobalSection
EndGlobal
