
Microsoft Visual Studio Solution File, Format Version 9.00
# Visual Studio 2005
Project("{8BC9CEB8-8B4A-11D0-8D11-00A0C91BC942}") = "Test16Reverse逆向迭代器", "Test16Reverse逆向迭代器\Test16Reverse逆向迭代器.vcproj", "{DCBE02E0-5D41-4014-95B0-F3C52AA5FDF5}"
EndProject
Global
	GlobalSection(SolutionConfigurationPlatforms) = preSolution
		Debug|Win32 = Debug|Win32
		Release|Win32 = Release|Win32
	EndGlobalSection
	GlobalSection(ProjectConfigurationPlatforms) = postSolution
		{DCBE02E0-5D41-4014-95B0-F3C52AA5FDF5}.Debug|Win32.ActiveCfg = Debug|Win32
		{DCBE02E0-5D41-4014-95B0-F3C52AA5FDF5}.Debug|Win32.Build.0 = Debug|Win32
		{DCBE02E0-5D41-4014-95B0-F3C52AA5FDF5}.Release|Win32.ActiveCfg = Release|Win32
		{DCBE02E0-5D41-4014-95B0-F3C52AA5FDF5}.Release|Win32.Build.0 = Release|Win32
	EndGlobalSection
	GlobalSection(SolutionProperties) = preSolution
		HideSolutionNode = FALSE
	EndGlobalSection
EndGlobal
