
Microsoft Visual Studio Solution File, Format Version 9.00
# Visual Studio 2005
Project("{8BC9CEB8-8B4A-11D0-8D11-00A0C91BC942}") = "Test12SetsANDMultisets", "Test12SetsANDMultisets\Test12SetsANDMultisets.vcproj", "{CAF86822-6C73-4FE4-8351-99F55F053C75}"
EndProject
Global
	GlobalSection(SolutionConfigurationPlatforms) = preSolution
		Debug|Win32 = Debug|Win32
		Release|Win32 = Release|Win32
	EndGlobalSection
	GlobalSection(ProjectConfigurationPlatforms) = postSolution
		{CAF86822-6C73-4FE4-8351-99F55F053C75}.Debug|Win32.ActiveCfg = Debug|Win32
		{CAF86822-6C73-4FE4-8351-99F55F053C75}.Debug|Win32.Build.0 = Debug|Win32
		{CAF86822-6C73-4FE4-8351-99F55F053C75}.Release|Win32.ActiveCfg = Release|Win32
		{CAF86822-6C73-4FE4-8351-99F55F053C75}.Release|Win32.Build.0 = Release|Win32
	EndGlobalSection
	GlobalSection(SolutionProperties) = preSolution
		HideSolutionNode = FALSE
	EndGlobalSection
EndGlobal
