
Microsoft Visual Studio Solution File, Format Version 12.00
# Visual Studio 14
VisualStudioVersion = 14.0.24720.0
MinimumVisualStudioVersion = 10.0.40219.1
Project("{8BC9CEB8-8B4A-11D0-8D11-00A0C91BC942}") = "Reference(dy)", "Reference(dy)\Reference(dy).vcxproj", "{E8DE96EC-48A7-4233-A9E9-CF87471C83A7}"
EndProject
Global
	GlobalSection(SolutionConfigurationPlatforms) = preSolution
		Debug|Win32 = Debug|Win32
		Release|Win32 = Release|Win32
	EndGlobalSection
	GlobalSection(ProjectConfigurationPlatforms) = postSolution
		{E8DE96EC-48A7-4233-A9E9-CF87471C83A7}.Debug|Win32.ActiveCfg = Debug|Win32
		{E8DE96EC-48A7-4233-A9E9-CF87471C83A7}.Debug|Win32.Build.0 = Debug|Win32
		{E8DE96EC-48A7-4233-A9E9-CF87471C83A7}.Release|Win32.ActiveCfg = Release|Win32
		{E8DE96EC-48A7-4233-A9E9-CF87471C83A7}.Release|Win32.Build.0 = Release|Win32
	EndGlobalSection
	GlobalSection(SolutionProperties) = preSolution
		HideSolutionNode = FALSE
	EndGlobalSection
EndGlobal
