
Microsoft Visual Studio Solution File, Format Version 12.00
# Visual Studio 15
VisualStudioVersion = 15.0.27004.2009
MinimumVisualStudioVersion = 10.0.40219.1
Project("{8BC9CEB8-8B4A-11D0-8D11-00A0C91BC942}") = "algorithm", "..\algorithm\algorithm\algorithm.vcxproj", "{D88EC87C-21C8-430A-8BA1-167568B9E4FC}"
EndProject
Project("{8BC9CEB8-8B4A-11D0-8D11-00A0C91BC942}") = "binary_search", "..\binary_search\binary_search\binary_search.vcxproj", "{385067D7-3ED5-4E48-88CB-7953EA989EA1}"
EndProject
Project("{8BC9CEB8-8B4A-11D0-8D11-00A0C91BC942}") = "Byte", "..\Byte\Byte\Byte.vcxproj", "{06B76635-5580-4421-9C2E-B8C613FB0C15}"
EndProject
Project("{8BC9CEB8-8B4A-11D0-8D11-00A0C91BC942}") = "C++", "..\C++\C++\C++.vcxproj", "{BDC197CF-AAC3-459E-82D9-66C0D9BBDDE9}"
EndProject
Project("{8BC9CEB8-8B4A-11D0-8D11-00A0C91BC942}") = "C++1", "..\C++1\C++1\C++1.vcxproj", "{16343B30-4441-40F9-87F4-C5B7DC97DC4E}"
EndProject
Project("{8BC9CEB8-8B4A-11D0-8D11-00A0C91BC942}") = "C++2", "..\C++2\C++2\C++2.vcxproj", "{B747167C-9C1C-4824-8C8C-BF02E1AF602E}"
EndProject
Project("{8BC9CEB8-8B4A-11D0-8D11-00A0C91BC942}") = "pointer", "..\C++3指针\C++3指针\C++3指针.vcxproj", "{A7A7D0ED-27C2-415E-B434-A5CF2B3A67A5}"
EndProject
Project("{8BC9CEB8-8B4A-11D0-8D11-00A0C91BC942}") = "Animal", "..\C++TEST\Animal\Animal\Animal.vcxproj", "{E3E17485-5770-413C-852B-CE4A15962EEA}"
EndProject
Project("{8BC9CEB8-8B4A-11D0-8D11-00A0C91BC942}") = "Test1模板Display", "..\C++TEST\C++经典代码大全\Test1模板Display\Test1模板Display\Test1模板Display.vcxproj", "{2B807C26-2139-4FD7-8C71-8075E61F440B}"
EndProject
Project("{8BC9CEB8-8B4A-11D0-8D11-00A0C91BC942}") = "Test2模板引用", "..\C++TEST\C++经典代码大全\Test2模板引用\Test2模板引用\Test2模板引用.vcxproj", "{8E89A649-9612-4F89-8735-F1A57AECED1B}"
EndProject
Project("{8BC9CEB8-8B4A-11D0-8D11-00A0C91BC942}") = "VectorDynamicExpand", "..\VectorDynamicExpand\VectorDynamicExpand.vcxproj", "{D19C09D3-BD95-4CAA-B579-F5A0942FC367}"
EndProject
Project("{8BC9CEB8-8B4A-11D0-8D11-00A0C91BC942}") = "file", "..\file\file\file.vcxproj", "{8B99697F-CCA6-46EB-998D-6B6341F56931}"
EndProject
Project("{8BC9CEB8-8B4A-11D0-8D11-00A0C91BC942}") = "functional", "..\functional\functional\functional.vcxproj", "{6D079076-B041-4905-8EFA-7B9494B83E7E}"
EndProject
Project("{8BC9CEB8-8B4A-11D0-8D11-00A0C91BC942}") = "TopK", "..\TopK\TopK.vcxproj", "{30929FA6-A7F8-47FA-92B1-F66AB23CA0F6}"
EndProject
Project("{8BC9CEB8-8B4A-11D0-8D11-00A0C91BC942}") = "Stack_Heap", "..\Stack_Heap\Stack_Heap\Stack_Heap.vcxproj", "{92BA38B9-AA71-451F-B96F-AD014548FC15}"
EndProject
Project("{8BC9CEB8-8B4A-11D0-8D11-00A0C91BC942}") = "Test3类和动态内存分配", "..\C++TEST\Test3类和动态内存分配\Test3类和动态内存分配\Test3类和动态内存分配.vcxproj", "{98B31802-125F-4659-A89F-67D71B6EC450}"
EndProject
Project("{8BC9CEB8-8B4A-11D0-8D11-00A0C91BC942}") = "map", "..\map\map\map.vcxproj", "{92E2DACA-9A48-4B77-8027-8E92ECCE51D9}"
EndProject
Project("{8BC9CEB8-8B4A-11D0-8D11-00A0C91BC942}") = "victuralfunc", "..\虚函数\虚函数\虚函数.vcxproj", "{2595915A-B06D-450D-B932-9BB0D4EAED57}"
EndProject
Project("{8BC9CEB8-8B4A-11D0-8D11-00A0C91BC942}") = "funcpointer1", "..\函数指针\函数指针\函数指针.vcxproj", "{1245D1EE-C274-4606-8DD7-0CDEC0CBCF85}"
EndProject
Project("{8BC9CEB8-8B4A-11D0-8D11-00A0C91BC942}") = "亲和数", "..\亲和数\亲和数\亲和数.vcxproj", "{FED6A439-3CBA-4BE4-9EB1-7109361B0074}"
EndProject
Project("{8BC9CEB8-8B4A-11D0-8D11-00A0C91BC942}") = "22", "..\Vector\22\22.vcxproj", "{8996237B-4DD5-4D4A-8376-428F19C4EF69}"
EndProject
Project("{8BC9CEB8-8B4A-11D0-8D11-00A0C91BC942}") = "TreeNode", "..\TreeNode二叉树\TreeNode二叉树\TreeNode二叉树.vcxproj", "{356167A7-BF6F-4AD4-9E1B-89CF9D0B7BB5}"
EndProject
Project("{8BC9CEB8-8B4A-11D0-8D11-00A0C91BC942}") = "text6.10", "..\text6.10\text6.10\text6.10.vcxproj", "{C5BBC96D-7FBA-4ED9-AF37-E29435116446}"
EndProject
Project("{8BC9CEB8-8B4A-11D0-8D11-00A0C91BC942}") = "TexT", "..\TexT\TexT\TexT.vcxproj", "{08836024-9F23-4678-A6AD-162CE9E809A8}"
EndProject
Project("{8BC9CEB8-8B4A-11D0-8D11-00A0C91BC942}") = "TestMacro", "..\TestMacro\TestMacro\TestMacro.vcxproj", "{4D2B6009-B4F6-4568-B93D-A6042C8DA958}"
EndProject
Project("{8BC9CEB8-8B4A-11D0-8D11-00A0C91BC942}") = "Test5Struct", "..\Test5Struct\Test5Struct\Test5Struct.vcxproj", "{324F075A-7DB3-4A84-B4DF-C9D83F76D5F1}"
EndProject
Project("{8BC9CEB8-8B4A-11D0-8D11-00A0C91BC942}") = "Test4__cdeclAND__stdcall", "..\Test4__cdeclAND__stdcall\Test4__cdeclAND__stdcall\Test4__cdeclAND__stdcall.vcxproj", "{0A5B13C7-BC1E-43A7-94DC-D670E88B8AF9}"
EndProject
Project("{8BC9CEB8-8B4A-11D0-8D11-00A0C91BC942}") = "funcpointer", "..\Test3类成员函数指针\Test3类成员函数指针\Test3类成员函数指针.vcxproj", "{5289F933-F224-438E-89CC-7B5CAB765B8F}"
EndProject
Project("{8BC9CEB8-8B4A-11D0-8D11-00A0C91BC942}") = "listtable", "..\Test2链表\Test2链表\Test2链表.vcxproj", "{E77D56F6-6ABC-4011-A778-A2715F390F9E}"
EndProject
Project("{8BC9CEB8-8B4A-11D0-8D11-00A0C91BC942}") = "friend", "..\Test1友元类\Test1友元类\Test1友元类.vcxproj", "{A5362191-08ED-48F2-94FE-8CE4A1294465}"
EndProject
Project("{8BC9CEB8-8B4A-11D0-8D11-00A0C91BC942}") = "struct", "..\struct\struct\struct.vcxproj", "{B68566B1-379A-41EA-8278-10ACBA9F0C0A}"
EndProject
Project("{8BC9CEB8-8B4A-11D0-8D11-00A0C91BC942}") = "stringtext", "..\stringtext\stringtext\stringtext.vcxproj", "{AC2DBD7E-88CC-49D1-92D1-681B872E7250}"
EndProject
Project("{8BC9CEB8-8B4A-11D0-8D11-00A0C91BC942}") = "SortingAlgorithm", "..\SortingAlgorithm\SortingAlgorithm\SortingAlgorithm.vcxproj", "{E009668D-4D4B-41DA-8866-5F38F18AA5D4}"
EndProject
Project("{8BC9CEB8-8B4A-11D0-8D11-00A0C91BC942}") = "share_ptr", "..\share_ptr\share_ptr\share_ptr.vcxproj", "{666FA77E-1709-4905-8B5D-52B0E10858D2}"
EndProject
Project("{8BC9CEB8-8B4A-11D0-8D11-00A0C91BC942}") = "Reference(dy)", "..\Reference(dy)\Reference(dy)\Reference(dy).vcxproj", "{E8DE96EC-48A7-4233-A9E9-CF87471C83A7}"
EndProject
Project("{8BC9CEB8-8B4A-11D0-8D11-00A0C91BC942}") = "Random", "..\Random\Random\Random.vcxproj", "{3C1B81E6-CE99-4381-9EAD-A3797DFD513E}"
EndProject
Project("{8BC9CEB8-8B4A-11D0-8D11-00A0C91BC942}") = "Lambda", "..\Lambda\Lambda\Lambda.vcxproj", "{5346E474-DD46-4FD7-8367-2C56BE092D5E}"
EndProject
Project("{8BC9CEB8-8B4A-11D0-8D11-00A0C91BC942}") = "Dll", "..\Dll\Dll\Dll.vcxproj", "{D7F98038-7F17-413F-8152-20587D3F8CEE}"
EndProject
Project("{8BC9CEB8-8B4A-11D0-8D11-00A0C91BC942}") = "Class1", "..\Class1\Class1\Class1.vcxproj", "{B7BF71EB-E049-44DF-84B9-7BCD5BE23AB3}"
EndProject
Project("{8BC9CEB8-8B4A-11D0-8D11-00A0C91BC942}") = "Class", "..\Class\Class\Class.vcxproj", "{43D96BBC-6D21-4B37-A16F-A6B2F4F6EA4F}"
EndProject
Project("{8BC9CEB8-8B4A-11D0-8D11-00A0C91BC942}") = "Test3排序", "..\C++TEST\C++经典代码大全\Test3排序\Test3排序\Test3排序.vcxproj", "{509351A5-072D-47AE-A258-803ED99846A2}"
EndProject
Project("{8BC9CEB8-8B4A-11D0-8D11-00A0C91BC942}") = "Test5模板创建栈", "..\C++TEST\C++经典代码大全\Test4模板创建栈\Test5模板创建栈\Test5模板创建栈.vcxproj", "{49A23EB4-567F-4985-995F-D0AAFF0879F5}"
EndProject
Project("{8BC9CEB8-8B4A-11D0-8D11-00A0C91BC942}") = "extern", "..\C++TEST\extern\extern\extern.vcxproj", "{6D13A8BA-ABFC-4868-A16C-F47CA246EF22}"
EndProject
Project("{8BC9CEB8-8B4A-11D0-8D11-00A0C91BC942}") = "NUM", "..\C++TEST\NUM\NUM\NUM.vcxproj", "{F86DEB3D-72CC-4A27-BDD1-C32237284653}"
EndProject
Project("{8BC9CEB8-8B4A-11D0-8D11-00A0C91BC942}") = "N之和", "..\C++TEST\N之和\N之和\N之和.vcxproj", "{4AC94D0E-29D5-4F16-98B9-7533C8FDC611}"
EndProject
Project("{8BC9CEB8-8B4A-11D0-8D11-00A0C91BC942}") = "Reference", "..\C++TEST\Reference\Reference\Reference.vcxproj", "{05F2BD43-A1CD-472E-AB7A-F7E17A63CAFD}"
EndProject
Project("{8BC9CEB8-8B4A-11D0-8D11-00A0C91BC942}") = "Test1MapsANDMultimaps", "..\C++TEST\Test1MapsANDMultimaps\Test1MapsANDMultimaps\Test1MapsANDMultimaps.vcxproj", "{60BDFE0E-E203-4E89-8CA6-BB5FCBCFB12D}"
EndProject
Project("{8BC9CEB8-8B4A-11D0-8D11-00A0C91BC942}") = "Test1数据类型", "..\C++TEST\Test1数据类型\Test1数据类型\Test1数据类型.vcxproj", "{77D83F89-DDB9-4776-BE37-C5E048471E2D}"
EndProject
Project("{8BC9CEB8-8B4A-11D0-8D11-00A0C91BC942}") = "Test2重载", "..\C++TEST\Test2重载和友元\Test2重载\Test2重载.vcxproj", "{42F183BE-295A-4C92-8F66-3EA46B7EAF90}"
EndProject
Project("{8BC9CEB8-8B4A-11D0-8D11-00A0C91BC942}") = "Test3重载", "..\C++TEST\Test2重载和友元\Test3重载\Test3重载\Test3重载.vcxproj", "{E8EEF7AB-D757-4359-BCD1-D80CC42C79D4}"
EndProject
Project("{8BC9CEB8-8B4A-11D0-8D11-00A0C91BC942}") = "Test4友元", "..\C++TEST\Test2重载和友元\Test4友元\Test4友元\Test4友元.vcxproj", "{70A4A0AF-66DC-40EE-9ED5-8B592E34053E}"
EndProject
Project("{8BC9CEB8-8B4A-11D0-8D11-00A0C91BC942}") = "Test5类和动态内存2", "..\C++TEST\Test5类和动态内存2\Test5类和动态内存2\Test5类和动态内存2.vcxproj", "{B8C3241A-43EC-4FED-9AA7-635C3F1415EE}"
EndProject
Project("{8BC9CEB8-8B4A-11D0-8D11-00A0C91BC942}") = "Test6代码重用", "..\C++TEST\Test6代码重用\Test6代码重用\Test6代码重用.vcxproj", "{21A65328-E508-44D6-ADAB-DF7F8FC1D02F}"
EndProject
Project("{8BC9CEB8-8B4A-11D0-8D11-00A0C91BC942}") = "Test7友元类", "..\C++TEST\Test7友元类\Test7友元类\Test7友元类.vcxproj", "{CDD6FEEC-97D2-4748-BA71-CC4C49B8A608}"
EndProject
Project("{8BC9CEB8-8B4A-11D0-8D11-00A0C91BC942}") = "Test8文件", "..\C++TEST\Test8文件\Test8文件\Test8文件.vcxproj", "{4CAAA5EC-A8C7-441C-9E8C-28552D8F0404}"
EndProject
Project("{8BC9CEB8-8B4A-11D0-8D11-00A0C91BC942}") = "Test9仿函数1", "..\C++TEST\Test9仿函数1\Test9仿函数1\Test9仿函数1.vcxproj", "{AC997A9B-7655-42FA-B627-06FDE7B47FCE}"
EndProject
Project("{8BC9CEB8-8B4A-11D0-8D11-00A0C91BC942}") = "Test10Vector", "..\C++TEST\Test10Vector\Test10Vector\Test10Vector.vcxproj", "{DB3546EE-2069-4A90-9D9B-4FAC198B8A3A}"
EndProject
Project("{8BC9CEB8-8B4A-11D0-8D11-00A0C91BC942}") = "Test11List", "..\C++TEST\Test11List\Test11List\Test11List.vcxproj", "{14A18C18-73EB-431B-8CA2-6BE78EF6E613}"
EndProject
Project("{8BC9CEB8-8B4A-11D0-8D11-00A0C91BC942}") = "Test12SetsANDMultisets", "..\C++TEST\Test12SetsANDMultisets\Test12SetsANDMultisets\Test12SetsANDMultisets.vcxproj", "{CAF86822-6C73-4FE4-8351-99F55F053C75}"
EndProject
Project("{8BC9CEB8-8B4A-11D0-8D11-00A0C91BC942}") = "Test13Sets指定排序准则", "..\C++TEST\Test13Sets指定排序准则\Test13Sets指定排序准则\Test13Sets指定排序准则.vcxproj", "{6360A11D-D704-4DE7-A8D9-54FFFDBCD163}"
EndProject
Project("{8BC9CEB8-8B4A-11D0-8D11-00A0C91BC942}") = "Test14迭代器", "..\C++TEST\Test14迭代器\Test14迭代器\Test14迭代器.vcxproj", "{EED27580-C6B3-48C2-B8FD-CABD9DEA7ECB}"
EndProject
Project("{8BC9CEB8-8B4A-11D0-8D11-00A0C91BC942}") = "Test15迭代器Advance", "..\C++TEST\Test15迭代器advanceANDdistance\Test15迭代器Advance\Test15迭代器Advance.vcxproj", "{B2F8BCE3-CB15-4B42-B587-47B3EB477DEE}"
EndProject
Project("{8BC9CEB8-8B4A-11D0-8D11-00A0C91BC942}") = "Test16Reverse逆向迭代器", "..\C++TEST\Test16Reverse逆向迭代器\Test16Reverse逆向迭代器\Test16Reverse逆向迭代器.vcxproj", "{DCBE02E0-5D41-4014-95B0-F3C52AA5FDF5}"
EndProject
Project("{8BC9CEB8-8B4A-11D0-8D11-00A0C91BC942}") = "Test17Stream迭代器", "..\C++TEST\Test17Stream迭代器\Test17Stream迭代器\Test17Stream迭代器.vcxproj", "{16C6B709-412F-40A1-A617-753843A66969}"
EndProject
Project("{8BC9CEB8-8B4A-11D0-8D11-00A0C91BC942}") = "Test18容器练习", "..\C++TEST\Test18容器练习\Test18容器练习\Test18容器练习.vcxproj", "{8AB808AC-0329-49B5-976E-05F4FAE3AA35}"
EndProject
Project("{8BC9CEB8-8B4A-11D0-8D11-00A0C91BC942}") = "Test19multiset", "..\C++TEST\Test19multiset\Test19multiset\Test19multiset.vcxproj", "{B7E4A583-320C-4AD1-9EAC-DA730F6D4289}"
EndProject
Project("{8BC9CEB8-8B4A-11D0-8D11-00A0C91BC942}") = "回调", "..\C++TEST\回调\回调\回调.vcxproj", "{F8CC5FAB-EDE5-4A76-A018-0B097622B492}"
EndProject
Global
	GlobalSection(SolutionConfigurationPlatforms) = preSolution
		Debug|x64 = Debug|x64
		Debug|x86 = Debug|x86
		Release|x64 = Release|x64
		Release|x86 = Release|x86
	EndGlobalSection
	GlobalSection(ProjectConfigurationPlatforms) = postSolution
		{D88EC87C-21C8-430A-8BA1-167568B9E4FC}.Debug|x64.ActiveCfg = Debug|Win32
		{D88EC87C-21C8-430A-8BA1-167568B9E4FC}.Debug|x86.ActiveCfg = Debug|Win32
		{D88EC87C-21C8-430A-8BA1-167568B9E4FC}.Debug|x86.Build.0 = Debug|Win32
		{D88EC87C-21C8-430A-8BA1-167568B9E4FC}.Release|x64.ActiveCfg = Release|Win32
		{D88EC87C-21C8-430A-8BA1-167568B9E4FC}.Release|x86.ActiveCfg = Release|Win32
		{D88EC87C-21C8-430A-8BA1-167568B9E4FC}.Release|x86.Build.0 = Release|Win32
		{385067D7-3ED5-4E48-88CB-7953EA989EA1}.Debug|x64.ActiveCfg = Debug|Win32
		{385067D7-3ED5-4E48-88CB-7953EA989EA1}.Debug|x86.ActiveCfg = Debug|Win32
		{385067D7-3ED5-4E48-88CB-7953EA989EA1}.Debug|x86.Build.0 = Debug|Win32
		{385067D7-3ED5-4E48-88CB-7953EA989EA1}.Release|x64.ActiveCfg = Release|Win32
		{385067D7-3ED5-4E48-88CB-7953EA989EA1}.Release|x86.ActiveCfg = Release|Win32
		{385067D7-3ED5-4E48-88CB-7953EA989EA1}.Release|x86.Build.0 = Release|Win32
		{06B76635-5580-4421-9C2E-B8C613FB0C15}.Debug|x64.ActiveCfg = Debug|x64
		{06B76635-5580-4421-9C2E-B8C613FB0C15}.Debug|x64.Build.0 = Debug|x64
		{06B76635-5580-4421-9C2E-B8C613FB0C15}.Debug|x86.ActiveCfg = Debug|Win32
		{06B76635-5580-4421-9C2E-B8C613FB0C15}.Debug|x86.Build.0 = Debug|Win32
		{06B76635-5580-4421-9C2E-B8C613FB0C15}.Release|x64.ActiveCfg = Release|x64
		{06B76635-5580-4421-9C2E-B8C613FB0C15}.Release|x64.Build.0 = Release|x64
		{06B76635-5580-4421-9C2E-B8C613FB0C15}.Release|x86.ActiveCfg = Release|Win32
		{06B76635-5580-4421-9C2E-B8C613FB0C15}.Release|x86.Build.0 = Release|Win32
		{BDC197CF-AAC3-459E-82D9-66C0D9BBDDE9}.Debug|x64.ActiveCfg = Debug|Win32
		{BDC197CF-AAC3-459E-82D9-66C0D9BBDDE9}.Debug|x86.ActiveCfg = Debug|Win32
		{BDC197CF-AAC3-459E-82D9-66C0D9BBDDE9}.Debug|x86.Build.0 = Debug|Win32
		{BDC197CF-AAC3-459E-82D9-66C0D9BBDDE9}.Release|x64.ActiveCfg = Release|Win32
		{BDC197CF-AAC3-459E-82D9-66C0D9BBDDE9}.Release|x86.ActiveCfg = Release|Win32
		{BDC197CF-AAC3-459E-82D9-66C0D9BBDDE9}.Release|x86.Build.0 = Release|Win32
		{16343B30-4441-40F9-87F4-C5B7DC97DC4E}.Debug|x64.ActiveCfg = Debug|Win32
		{16343B30-4441-40F9-87F4-C5B7DC97DC4E}.Debug|x86.ActiveCfg = Debug|Win32
		{16343B30-4441-40F9-87F4-C5B7DC97DC4E}.Debug|x86.Build.0 = Debug|Win32
		{16343B30-4441-40F9-87F4-C5B7DC97DC4E}.Release|x64.ActiveCfg = Release|Win32
		{16343B30-4441-40F9-87F4-C5B7DC97DC4E}.Release|x86.ActiveCfg = Release|Win32
		{16343B30-4441-40F9-87F4-C5B7DC97DC4E}.Release|x86.Build.0 = Release|Win32
		{B747167C-9C1C-4824-8C8C-BF02E1AF602E}.Debug|x64.ActiveCfg = Debug|Win32
		{B747167C-9C1C-4824-8C8C-BF02E1AF602E}.Debug|x86.ActiveCfg = Debug|Win32
		{B747167C-9C1C-4824-8C8C-BF02E1AF602E}.Debug|x86.Build.0 = Debug|Win32
		{B747167C-9C1C-4824-8C8C-BF02E1AF602E}.Release|x64.ActiveCfg = Release|Win32
		{B747167C-9C1C-4824-8C8C-BF02E1AF602E}.Release|x86.ActiveCfg = Release|Win32
		{B747167C-9C1C-4824-8C8C-BF02E1AF602E}.Release|x86.Build.0 = Release|Win32
		{A7A7D0ED-27C2-415E-B434-A5CF2B3A67A5}.Debug|x64.ActiveCfg = Debug|Win32
		{A7A7D0ED-27C2-415E-B434-A5CF2B3A67A5}.Debug|x86.ActiveCfg = Debug|Win32
		{A7A7D0ED-27C2-415E-B434-A5CF2B3A67A5}.Debug|x86.Build.0 = Debug|Win32
		{A7A7D0ED-27C2-415E-B434-A5CF2B3A67A5}.Release|x64.ActiveCfg = Release|Win32
		{A7A7D0ED-27C2-415E-B434-A5CF2B3A67A5}.Release|x86.ActiveCfg = Release|Win32
		{A7A7D0ED-27C2-415E-B434-A5CF2B3A67A5}.Release|x86.Build.0 = Release|Win32
		{E3E17485-5770-413C-852B-CE4A15962EEA}.Debug|x64.ActiveCfg = Debug|Win32
		{E3E17485-5770-413C-852B-CE4A15962EEA}.Debug|x86.ActiveCfg = Debug|Win32
		{E3E17485-5770-413C-852B-CE4A15962EEA}.Debug|x86.Build.0 = Debug|Win32
		{E3E17485-5770-413C-852B-CE4A15962EEA}.Release|x64.ActiveCfg = Release|Win32
		{E3E17485-5770-413C-852B-CE4A15962EEA}.Release|x86.ActiveCfg = Release|Win32
		{E3E17485-5770-413C-852B-CE4A15962EEA}.Release|x86.Build.0 = Release|Win32
		{2B807C26-2139-4FD7-8C71-8075E61F440B}.Debug|x64.ActiveCfg = Debug|Win32
		{2B807C26-2139-4FD7-8C71-8075E61F440B}.Debug|x86.ActiveCfg = Debug|Win32
		{2B807C26-2139-4FD7-8C71-8075E61F440B}.Debug|x86.Build.0 = Debug|Win32
		{2B807C26-2139-4FD7-8C71-8075E61F440B}.Release|x64.ActiveCfg = Release|Win32
		{2B807C26-2139-4FD7-8C71-8075E61F440B}.Release|x86.ActiveCfg = Release|Win32
		{2B807C26-2139-4FD7-8C71-8075E61F440B}.Release|x86.Build.0 = Release|Win32
		{8E89A649-9612-4F89-8735-F1A57AECED1B}.Debug|x64.ActiveCfg = Debug|Win32
		{8E89A649-9612-4F89-8735-F1A57AECED1B}.Debug|x86.ActiveCfg = Debug|Win32
		{8E89A649-9612-4F89-8735-F1A57AECED1B}.Debug|x86.Build.0 = Debug|Win32
		{8E89A649-9612-4F89-8735-F1A57AECED1B}.Release|x64.ActiveCfg = Release|Win32
		{8E89A649-9612-4F89-8735-F1A57AECED1B}.Release|x86.ActiveCfg = Release|Win32
		{8E89A649-9612-4F89-8735-F1A57AECED1B}.Release|x86.Build.0 = Release|Win32
		{D19C09D3-BD95-4CAA-B579-F5A0942FC367}.Debug|x64.ActiveCfg = Debug|x64
		{D19C09D3-BD95-4CAA-B579-F5A0942FC367}.Debug|x64.Build.0 = Debug|x64
		{D19C09D3-BD95-4CAA-B579-F5A0942FC367}.Debug|x86.ActiveCfg = Debug|Win32
		{D19C09D3-BD95-4CAA-B579-F5A0942FC367}.Debug|x86.Build.0 = Debug|Win32
		{D19C09D3-BD95-4CAA-B579-F5A0942FC367}.Release|x64.ActiveCfg = Release|x64
		{D19C09D3-BD95-4CAA-B579-F5A0942FC367}.Release|x64.Build.0 = Release|x64
		{D19C09D3-BD95-4CAA-B579-F5A0942FC367}.Release|x86.ActiveCfg = Release|Win32
		{D19C09D3-BD95-4CAA-B579-F5A0942FC367}.Release|x86.Build.0 = Release|Win32
		{8B99697F-CCA6-46EB-998D-6B6341F56931}.Debug|x64.ActiveCfg = Debug|Win32
		{8B99697F-CCA6-46EB-998D-6B6341F56931}.Debug|x86.ActiveCfg = Debug|Win32
		{8B99697F-CCA6-46EB-998D-6B6341F56931}.Debug|x86.Build.0 = Debug|Win32
		{8B99697F-CCA6-46EB-998D-6B6341F56931}.Release|x64.ActiveCfg = Release|Win32
		{8B99697F-CCA6-46EB-998D-6B6341F56931}.Release|x86.ActiveCfg = Release|Win32
		{8B99697F-CCA6-46EB-998D-6B6341F56931}.Release|x86.Build.0 = Release|Win32
		{6D079076-B041-4905-8EFA-7B9494B83E7E}.Debug|x64.ActiveCfg = Debug|x64
		{6D079076-B041-4905-8EFA-7B9494B83E7E}.Debug|x64.Build.0 = Debug|x64
		{6D079076-B041-4905-8EFA-7B9494B83E7E}.Debug|x86.ActiveCfg = Debug|Win32
		{6D079076-B041-4905-8EFA-7B9494B83E7E}.Debug|x86.Build.0 = Debug|Win32
		{6D079076-B041-4905-8EFA-7B9494B83E7E}.Release|x64.ActiveCfg = Release|x64
		{6D079076-B041-4905-8EFA-7B9494B83E7E}.Release|x64.Build.0 = Release|x64
		{6D079076-B041-4905-8EFA-7B9494B83E7E}.Release|x86.ActiveCfg = Release|Win32
		{6D079076-B041-4905-8EFA-7B9494B83E7E}.Release|x86.Build.0 = Release|Win32
		{30929FA6-A7F8-47FA-92B1-F66AB23CA0F6}.Debug|x64.ActiveCfg = Debug|x64
		{30929FA6-A7F8-47FA-92B1-F66AB23CA0F6}.Debug|x64.Build.0 = Debug|x64
		{30929FA6-A7F8-47FA-92B1-F66AB23CA0F6}.Debug|x86.ActiveCfg = Debug|Win32
		{30929FA6-A7F8-47FA-92B1-F66AB23CA0F6}.Debug|x86.Build.0 = Debug|Win32
		{30929FA6-A7F8-47FA-92B1-F66AB23CA0F6}.Release|x64.ActiveCfg = Release|x64
		{30929FA6-A7F8-47FA-92B1-F66AB23CA0F6}.Release|x64.Build.0 = Release|x64
		{30929FA6-A7F8-47FA-92B1-F66AB23CA0F6}.Release|x86.ActiveCfg = Release|Win32
		{30929FA6-A7F8-47FA-92B1-F66AB23CA0F6}.Release|x86.Build.0 = Release|Win32
		{92BA38B9-AA71-451F-B96F-AD014548FC15}.Debug|x64.ActiveCfg = Debug|x64
		{92BA38B9-AA71-451F-B96F-AD014548FC15}.Debug|x64.Build.0 = Debug|x64
		{92BA38B9-AA71-451F-B96F-AD014548FC15}.Debug|x86.ActiveCfg = Debug|Win32
		{92BA38B9-AA71-451F-B96F-AD014548FC15}.Debug|x86.Build.0 = Debug|Win32
		{92BA38B9-AA71-451F-B96F-AD014548FC15}.Release|x64.ActiveCfg = Release|x64
		{92BA38B9-AA71-451F-B96F-AD014548FC15}.Release|x64.Build.0 = Release|x64
		{92BA38B9-AA71-451F-B96F-AD014548FC15}.Release|x86.ActiveCfg = Release|Win32
		{92BA38B9-AA71-451F-B96F-AD014548FC15}.Release|x86.Build.0 = Release|Win32
		{98B31802-125F-4659-A89F-67D71B6EC450}.Debug|x64.ActiveCfg = Debug|Win32
		{98B31802-125F-4659-A89F-67D71B6EC450}.Debug|x86.ActiveCfg = Debug|Win32
		{98B31802-125F-4659-A89F-67D71B6EC450}.Debug|x86.Build.0 = Debug|Win32
		{98B31802-125F-4659-A89F-67D71B6EC450}.Release|x64.ActiveCfg = Release|Win32
		{98B31802-125F-4659-A89F-67D71B6EC450}.Release|x86.ActiveCfg = Release|Win32
		{98B31802-125F-4659-A89F-67D71B6EC450}.Release|x86.Build.0 = Release|Win32
		{92E2DACA-9A48-4B77-8027-8E92ECCE51D9}.Debug|x64.ActiveCfg = Debug|Win32
		{92E2DACA-9A48-4B77-8027-8E92ECCE51D9}.Debug|x86.ActiveCfg = Debug|Win32
		{92E2DACA-9A48-4B77-8027-8E92ECCE51D9}.Debug|x86.Build.0 = Debug|Win32
		{92E2DACA-9A48-4B77-8027-8E92ECCE51D9}.Release|x64.ActiveCfg = Release|Win32
		{92E2DACA-9A48-4B77-8027-8E92ECCE51D9}.Release|x86.ActiveCfg = Release|Win32
		{92E2DACA-9A48-4B77-8027-8E92ECCE51D9}.Release|x86.Build.0 = Release|Win32
		{2595915A-B06D-450D-B932-9BB0D4EAED57}.Debug|x64.ActiveCfg = Debug|Win32
		{2595915A-B06D-450D-B932-9BB0D4EAED57}.Debug|x86.ActiveCfg = Debug|Win32
		{2595915A-B06D-450D-B932-9BB0D4EAED57}.Debug|x86.Build.0 = Debug|Win32
		{2595915A-B06D-450D-B932-9BB0D4EAED57}.Release|x64.ActiveCfg = Release|Win32
		{2595915A-B06D-450D-B932-9BB0D4EAED57}.Release|x86.ActiveCfg = Release|Win32
		{2595915A-B06D-450D-B932-9BB0D4EAED57}.Release|x86.Build.0 = Release|Win32
		{1245D1EE-C274-4606-8DD7-0CDEC0CBCF85}.Debug|x64.ActiveCfg = Debug|Win32
		{1245D1EE-C274-4606-8DD7-0CDEC0CBCF85}.Debug|x86.ActiveCfg = Debug|Win32
		{1245D1EE-C274-4606-8DD7-0CDEC0CBCF85}.Debug|x86.Build.0 = Debug|Win32
		{1245D1EE-C274-4606-8DD7-0CDEC0CBCF85}.Release|x64.ActiveCfg = Release|Win32
		{1245D1EE-C274-4606-8DD7-0CDEC0CBCF85}.Release|x86.ActiveCfg = Release|Win32
		{1245D1EE-C274-4606-8DD7-0CDEC0CBCF85}.Release|x86.Build.0 = Release|Win32
		{FED6A439-3CBA-4BE4-9EB1-7109361B0074}.Debug|x64.ActiveCfg = Debug|Win32
		{FED6A439-3CBA-4BE4-9EB1-7109361B0074}.Debug|x86.ActiveCfg = Debug|Win32
		{FED6A439-3CBA-4BE4-9EB1-7109361B0074}.Debug|x86.Build.0 = Debug|Win32
		{FED6A439-3CBA-4BE4-9EB1-7109361B0074}.Release|x64.ActiveCfg = Release|Win32
		{FED6A439-3CBA-4BE4-9EB1-7109361B0074}.Release|x86.ActiveCfg = Release|Win32
		{FED6A439-3CBA-4BE4-9EB1-7109361B0074}.Release|x86.Build.0 = Release|Win32
		{8996237B-4DD5-4D4A-8376-428F19C4EF69}.Debug|x64.ActiveCfg = Debug|Win32
		{8996237B-4DD5-4D4A-8376-428F19C4EF69}.Debug|x86.ActiveCfg = Debug|Win32
		{8996237B-4DD5-4D4A-8376-428F19C4EF69}.Debug|x86.Build.0 = Debug|Win32
		{8996237B-4DD5-4D4A-8376-428F19C4EF69}.Release|x64.ActiveCfg = Release|Win32
		{8996237B-4DD5-4D4A-8376-428F19C4EF69}.Release|x86.ActiveCfg = Release|Win32
		{8996237B-4DD5-4D4A-8376-428F19C4EF69}.Release|x86.Build.0 = Release|Win32
		{356167A7-BF6F-4AD4-9E1B-89CF9D0B7BB5}.Debug|x64.ActiveCfg = Debug|Win32
		{356167A7-BF6F-4AD4-9E1B-89CF9D0B7BB5}.Debug|x86.ActiveCfg = Debug|Win32
		{356167A7-BF6F-4AD4-9E1B-89CF9D0B7BB5}.Debug|x86.Build.0 = Debug|Win32
		{356167A7-BF6F-4AD4-9E1B-89CF9D0B7BB5}.Release|x64.ActiveCfg = Release|Win32
		{356167A7-BF6F-4AD4-9E1B-89CF9D0B7BB5}.Release|x86.ActiveCfg = Release|Win32
		{356167A7-BF6F-4AD4-9E1B-89CF9D0B7BB5}.Release|x86.Build.0 = Release|Win32
		{C5BBC96D-7FBA-4ED9-AF37-E29435116446}.Debug|x64.ActiveCfg = Debug|Win32
		{C5BBC96D-7FBA-4ED9-AF37-E29435116446}.Debug|x86.ActiveCfg = Debug|Win32
		{C5BBC96D-7FBA-4ED9-AF37-E29435116446}.Debug|x86.Build.0 = Debug|Win32
		{C5BBC96D-7FBA-4ED9-AF37-E29435116446}.Release|x64.ActiveCfg = Release|Win32
		{C5BBC96D-7FBA-4ED9-AF37-E29435116446}.Release|x86.ActiveCfg = Release|Win32
		{C5BBC96D-7FBA-4ED9-AF37-E29435116446}.Release|x86.Build.0 = Release|Win32
		{08836024-9F23-4678-A6AD-162CE9E809A8}.Debug|x64.ActiveCfg = Debug|Win32
		{08836024-9F23-4678-A6AD-162CE9E809A8}.Debug|x86.ActiveCfg = Debug|Win32
		{08836024-9F23-4678-A6AD-162CE9E809A8}.Debug|x86.Build.0 = Debug|Win32
		{08836024-9F23-4678-A6AD-162CE9E809A8}.Release|x64.ActiveCfg = Release|Win32
		{08836024-9F23-4678-A6AD-162CE9E809A8}.Release|x86.ActiveCfg = Release|Win32
		{08836024-9F23-4678-A6AD-162CE9E809A8}.Release|x86.Build.0 = Release|Win32
		{4D2B6009-B4F6-4568-B93D-A6042C8DA958}.Debug|x64.ActiveCfg = Debug|x64
		{4D2B6009-B4F6-4568-B93D-A6042C8DA958}.Debug|x64.Build.0 = Debug|x64
		{4D2B6009-B4F6-4568-B93D-A6042C8DA958}.Debug|x86.ActiveCfg = Debug|Win32
		{4D2B6009-B4F6-4568-B93D-A6042C8DA958}.Debug|x86.Build.0 = Debug|Win32
		{4D2B6009-B4F6-4568-B93D-A6042C8DA958}.Release|x64.ActiveCfg = Release|x64
		{4D2B6009-B4F6-4568-B93D-A6042C8DA958}.Release|x64.Build.0 = Release|x64
		{4D2B6009-B4F6-4568-B93D-A6042C8DA958}.Release|x86.ActiveCfg = Release|Win32
		{4D2B6009-B4F6-4568-B93D-A6042C8DA958}.Release|x86.Build.0 = Release|Win32
		{324F075A-7DB3-4A84-B4DF-C9D83F76D5F1}.Debug|x64.ActiveCfg = Debug|Win32
		{324F075A-7DB3-4A84-B4DF-C9D83F76D5F1}.Debug|x86.ActiveCfg = Debug|Win32
		{324F075A-7DB3-4A84-B4DF-C9D83F76D5F1}.Debug|x86.Build.0 = Debug|Win32
		{324F075A-7DB3-4A84-B4DF-C9D83F76D5F1}.Release|x64.ActiveCfg = Release|Win32
		{324F075A-7DB3-4A84-B4DF-C9D83F76D5F1}.Release|x86.ActiveCfg = Release|Win32
		{324F075A-7DB3-4A84-B4DF-C9D83F76D5F1}.Release|x86.Build.0 = Release|Win32
		{0A5B13C7-BC1E-43A7-94DC-D670E88B8AF9}.Debug|x64.ActiveCfg = Debug|Win32
		{0A5B13C7-BC1E-43A7-94DC-D670E88B8AF9}.Debug|x86.ActiveCfg = Debug|Win32
		{0A5B13C7-BC1E-43A7-94DC-D670E88B8AF9}.Debug|x86.Build.0 = Debug|Win32
		{0A5B13C7-BC1E-43A7-94DC-D670E88B8AF9}.Release|x64.ActiveCfg = Release|Win32
		{0A5B13C7-BC1E-43A7-94DC-D670E88B8AF9}.Release|x86.ActiveCfg = Release|Win32
		{0A5B13C7-BC1E-43A7-94DC-D670E88B8AF9}.Release|x86.Build.0 = Release|Win32
		{5289F933-F224-438E-89CC-7B5CAB765B8F}.Debug|x64.ActiveCfg = Debug|Win32
		{5289F933-F224-438E-89CC-7B5CAB765B8F}.Debug|x86.ActiveCfg = Debug|Win32
		{5289F933-F224-438E-89CC-7B5CAB765B8F}.Debug|x86.Build.0 = Debug|Win32
		{5289F933-F224-438E-89CC-7B5CAB765B8F}.Release|x64.ActiveCfg = Release|Win32
		{5289F933-F224-438E-89CC-7B5CAB765B8F}.Release|x86.ActiveCfg = Release|Win32
		{5289F933-F224-438E-89CC-7B5CAB765B8F}.Release|x86.Build.0 = Release|Win32
		{E77D56F6-6ABC-4011-A778-A2715F390F9E}.Debug|x64.ActiveCfg = Debug|Win32
		{E77D56F6-6ABC-4011-A778-A2715F390F9E}.Debug|x86.ActiveCfg = Debug|Win32
		{E77D56F6-6ABC-4011-A778-A2715F390F9E}.Debug|x86.Build.0 = Debug|Win32
		{E77D56F6-6ABC-4011-A778-A2715F390F9E}.Release|x64.ActiveCfg = Release|Win32
		{E77D56F6-6ABC-4011-A778-A2715F390F9E}.Release|x86.ActiveCfg = Release|Win32
		{E77D56F6-6ABC-4011-A778-A2715F390F9E}.Release|x86.Build.0 = Release|Win32
		{A5362191-08ED-48F2-94FE-8CE4A1294465}.Debug|x64.ActiveCfg = Debug|Win32
		{A5362191-08ED-48F2-94FE-8CE4A1294465}.Debug|x86.ActiveCfg = Debug|Win32
		{A5362191-08ED-48F2-94FE-8CE4A1294465}.Debug|x86.Build.0 = Debug|Win32
		{A5362191-08ED-48F2-94FE-8CE4A1294465}.Release|x64.ActiveCfg = Release|Win32
		{A5362191-08ED-48F2-94FE-8CE4A1294465}.Release|x86.ActiveCfg = Release|Win32
		{A5362191-08ED-48F2-94FE-8CE4A1294465}.Release|x86.Build.0 = Release|Win32
		{B68566B1-379A-41EA-8278-10ACBA9F0C0A}.Debug|x64.ActiveCfg = Debug|Win32
		{B68566B1-379A-41EA-8278-10ACBA9F0C0A}.Debug|x86.ActiveCfg = Debug|Win32
		{B68566B1-379A-41EA-8278-10ACBA9F0C0A}.Debug|x86.Build.0 = Debug|Win32
		{B68566B1-379A-41EA-8278-10ACBA9F0C0A}.Release|x64.ActiveCfg = Release|Win32
		{B68566B1-379A-41EA-8278-10ACBA9F0C0A}.Release|x86.ActiveCfg = Release|Win32
		{B68566B1-379A-41EA-8278-10ACBA9F0C0A}.Release|x86.Build.0 = Release|Win32
		{AC2DBD7E-88CC-49D1-92D1-681B872E7250}.Debug|x64.ActiveCfg = Debug|Win32
		{AC2DBD7E-88CC-49D1-92D1-681B872E7250}.Debug|x86.ActiveCfg = Debug|Win32
		{AC2DBD7E-88CC-49D1-92D1-681B872E7250}.Debug|x86.Build.0 = Debug|Win32
		{AC2DBD7E-88CC-49D1-92D1-681B872E7250}.Release|x64.ActiveCfg = Release|Win32
		{AC2DBD7E-88CC-49D1-92D1-681B872E7250}.Release|x86.ActiveCfg = Release|Win32
		{AC2DBD7E-88CC-49D1-92D1-681B872E7250}.Release|x86.Build.0 = Release|Win32
		{E009668D-4D4B-41DA-8866-5F38F18AA5D4}.Debug|x64.ActiveCfg = Debug|x64
		{E009668D-4D4B-41DA-8866-5F38F18AA5D4}.Debug|x64.Build.0 = Debug|x64
		{E009668D-4D4B-41DA-8866-5F38F18AA5D4}.Debug|x86.ActiveCfg = Debug|Win32
		{E009668D-4D4B-41DA-8866-5F38F18AA5D4}.Debug|x86.Build.0 = Debug|Win32
		{E009668D-4D4B-41DA-8866-5F38F18AA5D4}.Release|x64.ActiveCfg = Release|x64
		{E009668D-4D4B-41DA-8866-5F38F18AA5D4}.Release|x64.Build.0 = Release|x64
		{E009668D-4D4B-41DA-8866-5F38F18AA5D4}.Release|x86.ActiveCfg = Release|Win32
		{E009668D-4D4B-41DA-8866-5F38F18AA5D4}.Release|x86.Build.0 = Release|Win32
		{666FA77E-1709-4905-8B5D-52B0E10858D2}.Debug|x64.ActiveCfg = Debug|x64
		{666FA77E-1709-4905-8B5D-52B0E10858D2}.Debug|x64.Build.0 = Debug|x64
		{666FA77E-1709-4905-8B5D-52B0E10858D2}.Debug|x86.ActiveCfg = Debug|Win32
		{666FA77E-1709-4905-8B5D-52B0E10858D2}.Debug|x86.Build.0 = Debug|Win32
		{666FA77E-1709-4905-8B5D-52B0E10858D2}.Release|x64.ActiveCfg = Release|x64
		{666FA77E-1709-4905-8B5D-52B0E10858D2}.Release|x64.Build.0 = Release|x64
		{666FA77E-1709-4905-8B5D-52B0E10858D2}.Release|x86.ActiveCfg = Release|Win32
		{666FA77E-1709-4905-8B5D-52B0E10858D2}.Release|x86.Build.0 = Release|Win32
		{E8DE96EC-48A7-4233-A9E9-CF87471C83A7}.Debug|x64.ActiveCfg = Debug|Win32
		{E8DE96EC-48A7-4233-A9E9-CF87471C83A7}.Debug|x86.ActiveCfg = Debug|Win32
		{E8DE96EC-48A7-4233-A9E9-CF87471C83A7}.Debug|x86.Build.0 = Debug|Win32
		{E8DE96EC-48A7-4233-A9E9-CF87471C83A7}.Release|x64.ActiveCfg = Release|Win32
		{E8DE96EC-48A7-4233-A9E9-CF87471C83A7}.Release|x86.ActiveCfg = Release|Win32
		{E8DE96EC-48A7-4233-A9E9-CF87471C83A7}.Release|x86.Build.0 = Release|Win32
		{3C1B81E6-CE99-4381-9EAD-A3797DFD513E}.Debug|x64.ActiveCfg = Debug|Win32
		{3C1B81E6-CE99-4381-9EAD-A3797DFD513E}.Debug|x86.ActiveCfg = Debug|Win32
		{3C1B81E6-CE99-4381-9EAD-A3797DFD513E}.Debug|x86.Build.0 = Debug|Win32
		{3C1B81E6-CE99-4381-9EAD-A3797DFD513E}.Release|x64.ActiveCfg = Release|Win32
		{3C1B81E6-CE99-4381-9EAD-A3797DFD513E}.Release|x86.ActiveCfg = Release|Win32
		{3C1B81E6-CE99-4381-9EAD-A3797DFD513E}.Release|x86.Build.0 = Release|Win32
		{5346E474-DD46-4FD7-8367-2C56BE092D5E}.Debug|x64.ActiveCfg = Debug|x64
		{5346E474-DD46-4FD7-8367-2C56BE092D5E}.Debug|x64.Build.0 = Debug|x64
		{5346E474-DD46-4FD7-8367-2C56BE092D5E}.Debug|x86.ActiveCfg = Debug|Win32
		{5346E474-DD46-4FD7-8367-2C56BE092D5E}.Debug|x86.Build.0 = Debug|Win32
		{5346E474-DD46-4FD7-8367-2C56BE092D5E}.Release|x64.ActiveCfg = Release|x64
		{5346E474-DD46-4FD7-8367-2C56BE092D5E}.Release|x64.Build.0 = Release|x64
		{5346E474-DD46-4FD7-8367-2C56BE092D5E}.Release|x86.ActiveCfg = Release|Win32
		{5346E474-DD46-4FD7-8367-2C56BE092D5E}.Release|x86.Build.0 = Release|Win32
		{D7F98038-7F17-413F-8152-20587D3F8CEE}.Debug|x64.ActiveCfg = Debug|x64
		{D7F98038-7F17-413F-8152-20587D3F8CEE}.Debug|x64.Build.0 = Debug|x64
		{D7F98038-7F17-413F-8152-20587D3F8CEE}.Debug|x86.ActiveCfg = Debug|Win32
		{D7F98038-7F17-413F-8152-20587D3F8CEE}.Debug|x86.Build.0 = Debug|Win32
		{D7F98038-7F17-413F-8152-20587D3F8CEE}.Release|x64.ActiveCfg = Release|x64
		{D7F98038-7F17-413F-8152-20587D3F8CEE}.Release|x64.Build.0 = Release|x64
		{D7F98038-7F17-413F-8152-20587D3F8CEE}.Release|x86.ActiveCfg = Release|Win32
		{D7F98038-7F17-413F-8152-20587D3F8CEE}.Release|x86.Build.0 = Release|Win32
		{B7BF71EB-E049-44DF-84B9-7BCD5BE23AB3}.Debug|x64.ActiveCfg = Debug|Win32
		{B7BF71EB-E049-44DF-84B9-7BCD5BE23AB3}.Debug|x86.ActiveCfg = Debug|Win32
		{B7BF71EB-E049-44DF-84B9-7BCD5BE23AB3}.Debug|x86.Build.0 = Debug|Win32
		{B7BF71EB-E049-44DF-84B9-7BCD5BE23AB3}.Release|x64.ActiveCfg = Release|Win32
		{B7BF71EB-E049-44DF-84B9-7BCD5BE23AB3}.Release|x86.ActiveCfg = Release|Win32
		{B7BF71EB-E049-44DF-84B9-7BCD5BE23AB3}.Release|x86.Build.0 = Release|Win32
		{43D96BBC-6D21-4B37-A16F-A6B2F4F6EA4F}.Debug|x64.ActiveCfg = Debug|Win32
		{43D96BBC-6D21-4B37-A16F-A6B2F4F6EA4F}.Debug|x86.ActiveCfg = Debug|Win32
		{43D96BBC-6D21-4B37-A16F-A6B2F4F6EA4F}.Debug|x86.Build.0 = Debug|Win32
		{43D96BBC-6D21-4B37-A16F-A6B2F4F6EA4F}.Release|x64.ActiveCfg = Release|Win32
		{43D96BBC-6D21-4B37-A16F-A6B2F4F6EA4F}.Release|x86.ActiveCfg = Release|Win32
		{43D96BBC-6D21-4B37-A16F-A6B2F4F6EA4F}.Release|x86.Build.0 = Release|Win32
		{509351A5-072D-47AE-A258-803ED99846A2}.Debug|x64.ActiveCfg = Debug|Win32
		{509351A5-072D-47AE-A258-803ED99846A2}.Debug|x86.ActiveCfg = Debug|Win32
		{509351A5-072D-47AE-A258-803ED99846A2}.Debug|x86.Build.0 = Debug|Win32
		{509351A5-072D-47AE-A258-803ED99846A2}.Release|x64.ActiveCfg = Release|Win32
		{509351A5-072D-47AE-A258-803ED99846A2}.Release|x86.ActiveCfg = Release|Win32
		{509351A5-072D-47AE-A258-803ED99846A2}.Release|x86.Build.0 = Release|Win32
		{49A23EB4-567F-4985-995F-D0AAFF0879F5}.Debug|x64.ActiveCfg = Debug|Win32
		{49A23EB4-567F-4985-995F-D0AAFF0879F5}.Debug|x86.ActiveCfg = Debug|Win32
		{49A23EB4-567F-4985-995F-D0AAFF0879F5}.Debug|x86.Build.0 = Debug|Win32
		{49A23EB4-567F-4985-995F-D0AAFF0879F5}.Release|x64.ActiveCfg = Release|Win32
		{49A23EB4-567F-4985-995F-D0AAFF0879F5}.Release|x86.ActiveCfg = Release|Win32
		{49A23EB4-567F-4985-995F-D0AAFF0879F5}.Release|x86.Build.0 = Release|Win32
		{6D13A8BA-ABFC-4868-A16C-F47CA246EF22}.Debug|x64.ActiveCfg = Debug|Win32
		{6D13A8BA-ABFC-4868-A16C-F47CA246EF22}.Debug|x86.ActiveCfg = Debug|Win32
		{6D13A8BA-ABFC-4868-A16C-F47CA246EF22}.Debug|x86.Build.0 = Debug|Win32
		{6D13A8BA-ABFC-4868-A16C-F47CA246EF22}.Release|x64.ActiveCfg = Release|Win32
		{6D13A8BA-ABFC-4868-A16C-F47CA246EF22}.Release|x86.ActiveCfg = Release|Win32
		{6D13A8BA-ABFC-4868-A16C-F47CA246EF22}.Release|x86.Build.0 = Release|Win32
		{F86DEB3D-72CC-4A27-BDD1-C32237284653}.Debug|x64.ActiveCfg = Debug|Win32
		{F86DEB3D-72CC-4A27-BDD1-C32237284653}.Debug|x86.ActiveCfg = Debug|Win32
		{F86DEB3D-72CC-4A27-BDD1-C32237284653}.Debug|x86.Build.0 = Debug|Win32
		{F86DEB3D-72CC-4A27-BDD1-C32237284653}.Release|x64.ActiveCfg = Release|Win32
		{F86DEB3D-72CC-4A27-BDD1-C32237284653}.Release|x86.ActiveCfg = Release|Win32
		{F86DEB3D-72CC-4A27-BDD1-C32237284653}.Release|x86.Build.0 = Release|Win32
		{4AC94D0E-29D5-4F16-98B9-7533C8FDC611}.Debug|x64.ActiveCfg = Debug|Win32
		{4AC94D0E-29D5-4F16-98B9-7533C8FDC611}.Debug|x86.ActiveCfg = Debug|Win32
		{4AC94D0E-29D5-4F16-98B9-7533C8FDC611}.Debug|x86.Build.0 = Debug|Win32
		{4AC94D0E-29D5-4F16-98B9-7533C8FDC611}.Release|x64.ActiveCfg = Release|Win32
		{4AC94D0E-29D5-4F16-98B9-7533C8FDC611}.Release|x86.ActiveCfg = Release|Win32
		{4AC94D0E-29D5-4F16-98B9-7533C8FDC611}.Release|x86.Build.0 = Release|Win32
		{05F2BD43-A1CD-472E-AB7A-F7E17A63CAFD}.Debug|x64.ActiveCfg = Debug|Win32
		{05F2BD43-A1CD-472E-AB7A-F7E17A63CAFD}.Debug|x86.ActiveCfg = Debug|Win32
		{05F2BD43-A1CD-472E-AB7A-F7E17A63CAFD}.Debug|x86.Build.0 = Debug|Win32
		{05F2BD43-A1CD-472E-AB7A-F7E17A63CAFD}.Release|x64.ActiveCfg = Release|Win32
		{05F2BD43-A1CD-472E-AB7A-F7E17A63CAFD}.Release|x86.ActiveCfg = Release|Win32
		{05F2BD43-A1CD-472E-AB7A-F7E17A63CAFD}.Release|x86.Build.0 = Release|Win32
		{60BDFE0E-E203-4E89-8CA6-BB5FCBCFB12D}.Debug|x64.ActiveCfg = Debug|Win32
		{60BDFE0E-E203-4E89-8CA6-BB5FCBCFB12D}.Debug|x86.ActiveCfg = Debug|Win32
		{60BDFE0E-E203-4E89-8CA6-BB5FCBCFB12D}.Debug|x86.Build.0 = Debug|Win32
		{60BDFE0E-E203-4E89-8CA6-BB5FCBCFB12D}.Release|x64.ActiveCfg = Release|Win32
		{60BDFE0E-E203-4E89-8CA6-BB5FCBCFB12D}.Release|x86.ActiveCfg = Release|Win32
		{60BDFE0E-E203-4E89-8CA6-BB5FCBCFB12D}.Release|x86.Build.0 = Release|Win32
		{77D83F89-DDB9-4776-BE37-C5E048471E2D}.Debug|x64.ActiveCfg = Debug|x64
		{77D83F89-DDB9-4776-BE37-C5E048471E2D}.Debug|x64.Build.0 = Debug|x64
		{77D83F89-DDB9-4776-BE37-C5E048471E2D}.Debug|x86.ActiveCfg = Debug|Win32
		{77D83F89-DDB9-4776-BE37-C5E048471E2D}.Debug|x86.Build.0 = Debug|Win32
		{77D83F89-DDB9-4776-BE37-C5E048471E2D}.Release|x64.ActiveCfg = Release|x64
		{77D83F89-DDB9-4776-BE37-C5E048471E2D}.Release|x64.Build.0 = Release|x64
		{77D83F89-DDB9-4776-BE37-C5E048471E2D}.Release|x86.ActiveCfg = Release|Win32
		{77D83F89-DDB9-4776-BE37-C5E048471E2D}.Release|x86.Build.0 = Release|Win32
		{42F183BE-295A-4C92-8F66-3EA46B7EAF90}.Debug|x64.ActiveCfg = Debug|Win32
		{42F183BE-295A-4C92-8F66-3EA46B7EAF90}.Debug|x86.ActiveCfg = Debug|Win32
		{42F183BE-295A-4C92-8F66-3EA46B7EAF90}.Debug|x86.Build.0 = Debug|Win32
		{42F183BE-295A-4C92-8F66-3EA46B7EAF90}.Release|x64.ActiveCfg = Release|Win32
		{42F183BE-295A-4C92-8F66-3EA46B7EAF90}.Release|x86.ActiveCfg = Release|Win32
		{42F183BE-295A-4C92-8F66-3EA46B7EAF90}.Release|x86.Build.0 = Release|Win32
		{E8EEF7AB-D757-4359-BCD1-D80CC42C79D4}.Debug|x64.ActiveCfg = Debug|Win32
		{E8EEF7AB-D757-4359-BCD1-D80CC42C79D4}.Debug|x86.ActiveCfg = Debug|Win32
		{E8EEF7AB-D757-4359-BCD1-D80CC42C79D4}.Debug|x86.Build.0 = Debug|Win32
		{E8EEF7AB-D757-4359-BCD1-D80CC42C79D4}.Release|x64.ActiveCfg = Release|Win32
		{E8EEF7AB-D757-4359-BCD1-D80CC42C79D4}.Release|x86.ActiveCfg = Release|Win32
		{E8EEF7AB-D757-4359-BCD1-D80CC42C79D4}.Release|x86.Build.0 = Release|Win32
		{70A4A0AF-66DC-40EE-9ED5-8B592E34053E}.Debug|x64.ActiveCfg = Debug|Win32
		{70A4A0AF-66DC-40EE-9ED5-8B592E34053E}.Debug|x86.ActiveCfg = Debug|Win32
		{70A4A0AF-66DC-40EE-9ED5-8B592E34053E}.Debug|x86.Build.0 = Debug|Win32
		{70A4A0AF-66DC-40EE-9ED5-8B592E34053E}.Release|x64.ActiveCfg = Release|Win32
		{70A4A0AF-66DC-40EE-9ED5-8B592E34053E}.Release|x86.ActiveCfg = Release|Win32
		{70A4A0AF-66DC-40EE-9ED5-8B592E34053E}.Release|x86.Build.0 = Release|Win32
		{B8C3241A-43EC-4FED-9AA7-635C3F1415EE}.Debug|x64.ActiveCfg = Debug|Win32
		{B8C3241A-43EC-4FED-9AA7-635C3F1415EE}.Debug|x86.ActiveCfg = Debug|Win32
		{B8C3241A-43EC-4FED-9AA7-635C3F1415EE}.Debug|x86.Build.0 = Debug|Win32
		{B8C3241A-43EC-4FED-9AA7-635C3F1415EE}.Release|x64.ActiveCfg = Release|Win32
		{B8C3241A-43EC-4FED-9AA7-635C3F1415EE}.Release|x86.ActiveCfg = Release|Win32
		{B8C3241A-43EC-4FED-9AA7-635C3F1415EE}.Release|x86.Build.0 = Release|Win32
		{21A65328-E508-44D6-ADAB-DF7F8FC1D02F}.Debug|x64.ActiveCfg = Debug|Win32
		{21A65328-E508-44D6-ADAB-DF7F8FC1D02F}.Debug|x86.ActiveCfg = Debug|Win32
		{21A65328-E508-44D6-ADAB-DF7F8FC1D02F}.Debug|x86.Build.0 = Debug|Win32
		{21A65328-E508-44D6-ADAB-DF7F8FC1D02F}.Release|x64.ActiveCfg = Release|Win32
		{21A65328-E508-44D6-ADAB-DF7F8FC1D02F}.Release|x86.ActiveCfg = Release|Win32
		{21A65328-E508-44D6-ADAB-DF7F8FC1D02F}.Release|x86.Build.0 = Release|Win32
		{CDD6FEEC-97D2-4748-BA71-CC4C49B8A608}.Debug|x64.ActiveCfg = Debug|Win32
		{CDD6FEEC-97D2-4748-BA71-CC4C49B8A608}.Debug|x86.ActiveCfg = Debug|Win32
		{CDD6FEEC-97D2-4748-BA71-CC4C49B8A608}.Debug|x86.Build.0 = Debug|Win32
		{CDD6FEEC-97D2-4748-BA71-CC4C49B8A608}.Release|x64.ActiveCfg = Release|Win32
		{CDD6FEEC-97D2-4748-BA71-CC4C49B8A608}.Release|x86.ActiveCfg = Release|Win32
		{CDD6FEEC-97D2-4748-BA71-CC4C49B8A608}.Release|x86.Build.0 = Release|Win32
		{4CAAA5EC-A8C7-441C-9E8C-28552D8F0404}.Debug|x64.ActiveCfg = Debug|Win32
		{4CAAA5EC-A8C7-441C-9E8C-28552D8F0404}.Debug|x86.ActiveCfg = Debug|Win32
		{4CAAA5EC-A8C7-441C-9E8C-28552D8F0404}.Debug|x86.Build.0 = Debug|Win32
		{4CAAA5EC-A8C7-441C-9E8C-28552D8F0404}.Release|x64.ActiveCfg = Release|Win32
		{4CAAA5EC-A8C7-441C-9E8C-28552D8F0404}.Release|x86.ActiveCfg = Release|Win32
		{4CAAA5EC-A8C7-441C-9E8C-28552D8F0404}.Release|x86.Build.0 = Release|Win32
		{AC997A9B-7655-42FA-B627-06FDE7B47FCE}.Debug|x64.ActiveCfg = Debug|Win32
		{AC997A9B-7655-42FA-B627-06FDE7B47FCE}.Debug|x86.ActiveCfg = Debug|Win32
		{AC997A9B-7655-42FA-B627-06FDE7B47FCE}.Debug|x86.Build.0 = Debug|Win32
		{AC997A9B-7655-42FA-B627-06FDE7B47FCE}.Release|x64.ActiveCfg = Release|Win32
		{AC997A9B-7655-42FA-B627-06FDE7B47FCE}.Release|x86.ActiveCfg = Release|Win32
		{AC997A9B-7655-42FA-B627-06FDE7B47FCE}.Release|x86.Build.0 = Release|Win32
		{DB3546EE-2069-4A90-9D9B-4FAC198B8A3A}.Debug|x64.ActiveCfg = Debug|Win32
		{DB3546EE-2069-4A90-9D9B-4FAC198B8A3A}.Debug|x86.ActiveCfg = Debug|Win32
		{DB3546EE-2069-4A90-9D9B-4FAC198B8A3A}.Debug|x86.Build.0 = Debug|Win32
		{DB3546EE-2069-4A90-9D9B-4FAC198B8A3A}.Release|x64.ActiveCfg = Release|Win32
		{DB3546EE-2069-4A90-9D9B-4FAC198B8A3A}.Release|x86.ActiveCfg = Release|Win32
		{DB3546EE-2069-4A90-9D9B-4FAC198B8A3A}.Release|x86.Build.0 = Release|Win32
		{14A18C18-73EB-431B-8CA2-6BE78EF6E613}.Debug|x64.ActiveCfg = Debug|Win32
		{14A18C18-73EB-431B-8CA2-6BE78EF6E613}.Debug|x86.ActiveCfg = Debug|Win32
		{14A18C18-73EB-431B-8CA2-6BE78EF6E613}.Debug|x86.Build.0 = Debug|Win32
		{14A18C18-73EB-431B-8CA2-6BE78EF6E613}.Release|x64.ActiveCfg = Release|Win32
		{14A18C18-73EB-431B-8CA2-6BE78EF6E613}.Release|x86.ActiveCfg = Release|Win32
		{14A18C18-73EB-431B-8CA2-6BE78EF6E613}.Release|x86.Build.0 = Release|Win32
		{CAF86822-6C73-4FE4-8351-99F55F053C75}.Debug|x64.ActiveCfg = Debug|Win32
		{CAF86822-6C73-4FE4-8351-99F55F053C75}.Debug|x86.ActiveCfg = Debug|Win32
		{CAF86822-6C73-4FE4-8351-99F55F053C75}.Debug|x86.Build.0 = Debug|Win32
		{CAF86822-6C73-4FE4-8351-99F55F053C75}.Release|x64.ActiveCfg = Release|Win32
		{CAF86822-6C73-4FE4-8351-99F55F053C75}.Release|x86.ActiveCfg = Release|Win32
		{CAF86822-6C73-4FE4-8351-99F55F053C75}.Release|x86.Build.0 = Release|Win32
		{6360A11D-D704-4DE7-A8D9-54FFFDBCD163}.Debug|x64.ActiveCfg = Debug|Win32
		{6360A11D-D704-4DE7-A8D9-54FFFDBCD163}.Debug|x86.ActiveCfg = Debug|Win32
		{6360A11D-D704-4DE7-A8D9-54FFFDBCD163}.Debug|x86.Build.0 = Debug|Win32
		{6360A11D-D704-4DE7-A8D9-54FFFDBCD163}.Release|x64.ActiveCfg = Release|Win32
		{6360A11D-D704-4DE7-A8D9-54FFFDBCD163}.Release|x86.ActiveCfg = Release|Win32
		{6360A11D-D704-4DE7-A8D9-54FFFDBCD163}.Release|x86.Build.0 = Release|Win32
		{EED27580-C6B3-48C2-B8FD-CABD9DEA7ECB}.Debug|x64.ActiveCfg = Debug|Win32
		{EED27580-C6B3-48C2-B8FD-CABD9DEA7ECB}.Debug|x86.ActiveCfg = Debug|Win32
		{EED27580-C6B3-48C2-B8FD-CABD9DEA7ECB}.Debug|x86.Build.0 = Debug|Win32
		{EED27580-C6B3-48C2-B8FD-CABD9DEA7ECB}.Release|x64.ActiveCfg = Release|Win32
		{EED27580-C6B3-48C2-B8FD-CABD9DEA7ECB}.Release|x86.ActiveCfg = Release|Win32
		{EED27580-C6B3-48C2-B8FD-CABD9DEA7ECB}.Release|x86.Build.0 = Release|Win32
		{B2F8BCE3-CB15-4B42-B587-47B3EB477DEE}.Debug|x64.ActiveCfg = Debug|Win32
		{B2F8BCE3-CB15-4B42-B587-47B3EB477DEE}.Debug|x86.ActiveCfg = Debug|Win32
		{B2F8BCE3-CB15-4B42-B587-47B3EB477DEE}.Debug|x86.Build.0 = Debug|Win32
		{B2F8BCE3-CB15-4B42-B587-47B3EB477DEE}.Release|x64.ActiveCfg = Release|Win32
		{B2F8BCE3-CB15-4B42-B587-47B3EB477DEE}.Release|x86.ActiveCfg = Release|Win32
		{B2F8BCE3-CB15-4B42-B587-47B3EB477DEE}.Release|x86.Build.0 = Release|Win32
		{DCBE02E0-5D41-4014-95B0-F3C52AA5FDF5}.Debug|x64.ActiveCfg = Debug|Win32
		{DCBE02E0-5D41-4014-95B0-F3C52AA5FDF5}.Debug|x86.ActiveCfg = Debug|Win32
		{DCBE02E0-5D41-4014-95B0-F3C52AA5FDF5}.Debug|x86.Build.0 = Debug|Win32
		{DCBE02E0-5D41-4014-95B0-F3C52AA5FDF5}.Release|x64.ActiveCfg = Release|Win32
		{DCBE02E0-5D41-4014-95B0-F3C52AA5FDF5}.Release|x86.ActiveCfg = Release|Win32
		{DCBE02E0-5D41-4014-95B0-F3C52AA5FDF5}.Release|x86.Build.0 = Release|Win32
		{16C6B709-412F-40A1-A617-753843A66969}.Debug|x64.ActiveCfg = Debug|Win32
		{16C6B709-412F-40A1-A617-753843A66969}.Debug|x86.ActiveCfg = Debug|Win32
		{16C6B709-412F-40A1-A617-753843A66969}.Debug|x86.Build.0 = Debug|Win32
		{16C6B709-412F-40A1-A617-753843A66969}.Release|x64.ActiveCfg = Release|Win32
		{16C6B709-412F-40A1-A617-753843A66969}.Release|x86.ActiveCfg = Release|Win32
		{16C6B709-412F-40A1-A617-753843A66969}.Release|x86.Build.0 = Release|Win32
		{8AB808AC-0329-49B5-976E-05F4FAE3AA35}.Debug|x64.ActiveCfg = Debug|Win32
		{8AB808AC-0329-49B5-976E-05F4FAE3AA35}.Debug|x86.ActiveCfg = Debug|Win32
		{8AB808AC-0329-49B5-976E-05F4FAE3AA35}.Debug|x86.Build.0 = Debug|Win32
		{8AB808AC-0329-49B5-976E-05F4FAE3AA35}.Release|x64.ActiveCfg = Release|Win32
		{8AB808AC-0329-49B5-976E-05F4FAE3AA35}.Release|x86.ActiveCfg = Release|Win32
		{8AB808AC-0329-49B5-976E-05F4FAE3AA35}.Release|x86.Build.0 = Release|Win32
		{B7E4A583-320C-4AD1-9EAC-DA730F6D4289}.Debug|x64.ActiveCfg = Debug|Win32
		{B7E4A583-320C-4AD1-9EAC-DA730F6D4289}.Debug|x86.ActiveCfg = Debug|Win32
		{B7E4A583-320C-4AD1-9EAC-DA730F6D4289}.Debug|x86.Build.0 = Debug|Win32
		{B7E4A583-320C-4AD1-9EAC-DA730F6D4289}.Release|x64.ActiveCfg = Release|Win32
		{B7E4A583-320C-4AD1-9EAC-DA730F6D4289}.Release|x86.ActiveCfg = Release|Win32
		{B7E4A583-320C-4AD1-9EAC-DA730F6D4289}.Release|x86.Build.0 = Release|Win32
		{F8CC5FAB-EDE5-4A76-A018-0B097622B492}.Debug|x64.ActiveCfg = Debug|Win32
		{F8CC5FAB-EDE5-4A76-A018-0B097622B492}.Debug|x86.ActiveCfg = Debug|Win32
		{F8CC5FAB-EDE5-4A76-A018-0B097622B492}.Debug|x86.Build.0 = Debug|Win32
		{F8CC5FAB-EDE5-4A76-A018-0B097622B492}.Release|x64.ActiveCfg = Release|Win32
		{F8CC5FAB-EDE5-4A76-A018-0B097622B492}.Release|x86.ActiveCfg = Release|Win32
		{F8CC5FAB-EDE5-4A76-A018-0B097622B492}.Release|x86.Build.0 = Release|Win32
	EndGlobalSection
	GlobalSection(SolutionProperties) = preSolution
		HideSolutionNode = FALSE
	EndGlobalSection
	GlobalSection(ExtensibilityGlobals) = postSolution
		SolutionGuid = {8F64F130-1AB6-40CE-A8F8-3453394A8E85}
	EndGlobalSection
EndGlobal
